
Microsoft Visual Studio Solution File, Format Version 12.00
# Visual Studio 2012
Project("{E24C65DC-7377-472B-9ABA-BC803B73C61A}") = "CordovaPurchase", "W:\inetpub\wwwroot\CordovaPurchase\", "{E5280AB9-7334-4998-AB23-DE4AFC20C37D}"
	ProjectSection(WebsiteProperties) = preProject
		TargetFrameworkMoniker = ".NETFramework,Version%3Dv4.0"
		Debug.AspNetCompiler.VirtualPath = "/CordovaPurchase"
		Debug.AspNetCompiler.PhysicalPath = "W:\inetpub\wwwroot\CordovaPurchase\"
		Debug.AspNetCompiler.TargetPath = "PrecompiledWeb\CordovaPurchase\"
		Debug.AspNetCompiler.Updateable = "true"
		Debug.AspNetCompiler.ForceOverwrite = "true"
		Debug.AspNetCompiler.FixedNames = "false"
		Debug.AspNetCompiler.Debug = "True"
		Release.AspNetCompiler.VirtualPath = "/CordovaPurchase"
		Release.AspNetCompiler.PhysicalPath = "W:\inetpub\wwwroot\CordovaPurchase\"
		Release.AspNetCompiler.TargetPath = "PrecompiledWeb\CordovaPurchase\"
		Release.AspNetCompiler.Updateable = "true"
		Release.AspNetCompiler.ForceOverwrite = "true"
		Release.AspNetCompiler.FixedNames = "false"
		Release.AspNetCompiler.Debug = "False"
		VWDPort = "9712"
	EndProjectSection
EndProject
Global
	GlobalSection(SolutionConfigurationPlatforms) = preSolution
		Debug|Any CPU = Debug|Any CPU
	EndGlobalSection
	GlobalSection(ProjectConfigurationPlatforms) = postSolution
		{E5280AB9-7334-4998-AB23-DE4AFC20C37D}.Debug|Any CPU.ActiveCfg = Debug|Any CPU
		{E5280AB9-7334-4998-AB23-DE4AFC20C37D}.Debug|Any CPU.Build.0 = Debug|Any CPU
	EndGlobalSection
	GlobalSection(SolutionProperties) = preSolution
		HideSolutionNode = FALSE
	EndGlobalSection
EndGlobal
