
Microsoft Visual Studio Solution File, Format Version 12.00
# Visual Studio 2012
Project("{E24C65DC-7377-472B-9ABA-BC803B73C61A}") = "CordovaTest", "W:\inetpub\wwwroot\CordovaTest", "{E35A2EEC-11C7-4686-80A5-0877CE6C871D}"
	ProjectSection(WebsiteProperties) = preProject
		TargetFrameworkMoniker = ".NETFramework,Version%3Dv4.0"
		Debug.AspNetCompiler.VirtualPath = "/CordovaTest"
		Debug.AspNetCompiler.PhysicalPath = "W:\inetpub\wwwroot\CordovaTest\"
		Debug.AspNetCompiler.TargetPath = "PrecompiledWeb\CordovaTest\"
		Debug.AspNetCompiler.Updateable = "true"
		Debug.AspNetCompiler.ForceOverwrite = "true"
		Debug.AspNetCompiler.FixedNames = "false"
		Debug.AspNetCompiler.Debug = "True"
		Release.AspNetCompiler.VirtualPath = "/CordovaTest"
		Release.AspNetCompiler.PhysicalPath = "W:\inetpub\wwwroot\CordovaTest\"
		Release.AspNetCompiler.TargetPath = "PrecompiledWeb\CordovaTest\"
		Release.AspNetCompiler.Updateable = "true"
		Release.AspNetCompiler.ForceOverwrite = "true"
		Release.AspNetCompiler.FixedNames = "false"
		Release.AspNetCompiler.Debug = "False"
		VWDPort = "13393"
	EndProjectSection
EndProject
Global
	GlobalSection(SolutionConfigurationPlatforms) = preSolution
		Debug|Any CPU = Debug|Any CPU
	EndGlobalSection
	GlobalSection(ProjectConfigurationPlatforms) = postSolution
		{E35A2EEC-11C7-4686-80A5-0877CE6C871D}.Debug|Any CPU.ActiveCfg = Debug|Any CPU
		{E35A2EEC-11C7-4686-80A5-0877CE6C871D}.Debug|Any CPU.Build.0 = Debug|Any CPU
	EndGlobalSection
	GlobalSection(SolutionProperties) = preSolution
		HideSolutionNode = FALSE
	EndGlobalSection
EndGlobal
