
Microsoft Visual Studio Solution File, Format Version 12.00
# Visual Studio 2012
Project("{E24C65DC-7377-472B-9ABA-BC803B73C61A}") = "CordovaPhoneBook", "W:\inetpub\wwwroot\CordovaPhoneBook\", "{E60E81A6-A73F-489C-9431-8C4815EAE944}"
	ProjectSection(WebsiteProperties) = preProject
		TargetFrameworkMoniker = ".NETFramework,Version%3Dv4.0"
		Debug.AspNetCompiler.VirtualPath = "/CordovaPhoneBook"
		Debug.AspNetCompiler.PhysicalPath = "W:\inetpub\wwwroot\CordovaPhoneBook\"
		Debug.AspNetCompiler.TargetPath = "PrecompiledWeb\CordovaPhoneBook\"
		Debug.AspNetCompiler.Updateable = "true"
		Debug.AspNetCompiler.ForceOverwrite = "true"
		Debug.AspNetCompiler.FixedNames = "false"
		Debug.AspNetCompiler.Debug = "True"
		Release.AspNetCompiler.VirtualPath = "/CordovaPhoneBook"
		Release.AspNetCompiler.PhysicalPath = "W:\inetpub\wwwroot\CordovaPhoneBook\"
		Release.AspNetCompiler.TargetPath = "PrecompiledWeb\CordovaPhoneBook\"
		Release.AspNetCompiler.Updateable = "true"
		Release.AspNetCompiler.ForceOverwrite = "true"
		Release.AspNetCompiler.FixedNames = "false"
		Release.AspNetCompiler.Debug = "False"
		VWDPort = "8982"
	EndProjectSection
EndProject
Global
	GlobalSection(SolutionConfigurationPlatforms) = preSolution
		Debug|Any CPU = Debug|Any CPU
	EndGlobalSection
	GlobalSection(ProjectConfigurationPlatforms) = postSolution
		{E60E81A6-A73F-489C-9431-8C4815EAE944}.Debug|Any CPU.ActiveCfg = Debug|Any CPU
		{E60E81A6-A73F-489C-9431-8C4815EAE944}.Debug|Any CPU.Build.0 = Debug|Any CPU
	EndGlobalSection
	GlobalSection(SolutionProperties) = preSolution
		HideSolutionNode = FALSE
	EndGlobalSection
EndGlobal
